lockfileVersion: '9.0'

settings:
  autoInstallPeers: true
  excludeLinksFromLockfile: false

importers:

  .:
    devDependencies:
      '@tauri-apps/cli':
        specifier: ^2.4.1
        version: 2.4.1

packages:

  '@tauri-apps/cli-darwin-arm64@2.4.1':
    resolution: {integrity: sha512-QME7s8XQwy3LWClTVlIlwXVSLKkeJ/z88pr917Mtn9spYOjnBfsgHAgGdmpWD3NfJxjg7CtLbhH49DxoFL+hLg==}
    engines: {node: '>= 10'}
    cpu: [arm64]
    os: [darwin]

  '@tauri-apps/cli-darwin-x64@2.4.1':
    resolution: {integrity: sha512-/r89IcW6Ya1sEsFUEH7wLNruDTj7WmDWKGpPy7gATFtQr5JEY4heernqE82isjTUimnHZD8SCr0jA3NceI4ybw==}
    engines: {node: '>= 10'}
    cpu: [x64]
    os: [darwin]

  '@tauri-apps/cli-linux-arm-gnueabihf@2.4.1':
    resolution: {integrity: sha512-9tDijkRB+CchAGjXxYdY9l/XzFpLp1yihUtGXJz9eh+3qIoRI043n3e+6xmU8ZURr7XPnu+R4sCmXs6HD+NCEQ==}
    engines: {node: '>= 10'}
    cpu: [arm]
    os: [linux]

  '@tauri-apps/cli-linux-arm64-gnu@2.4.1':
    resolution: {integrity: sha512-pnFGDEXBAzS4iDYAVxTRhAzNu3K2XPGflYyBc0czfHDBXopqRgMyj5Q9Wj7HAwv6cM8BqzXINxnb2ZJFGmbSgA==}
    engines: {node: '>= 10'}
    cpu: [arm64]
    os: [linux]

  '@tauri-apps/cli-linux-arm64-musl@2.4.1':
    resolution: {integrity: sha512-Hp0zXgeZNKmT+eoJSCxSBUm2QndNuRxR55tmIeNm3vbyUMJN/49uW7nurZ5fBPsacN4Pzwlx1dIMK+Gnr9A69w==}
    engines: {node: '>= 10'}
    cpu: [arm64]
    os: [linux]

  '@tauri-apps/cli-linux-riscv64-gnu@2.4.1':
    resolution: {integrity: sha512-3T3bo2E4fdYRvzcXheWUeQOVB+LunEEi92iPRgOyuSVexVE4cmHYl+MPJF+EUV28Et0hIVTsHibmDO0/04lAFg==}
    engines: {node: '>= 10'}
    cpu: [riscv64]
    os: [linux]

  '@tauri-apps/cli-linux-x64-gnu@2.4.1':
    resolution: {integrity: sha512-kLN0FdNONO+2i+OpU9+mm6oTGufRC00e197TtwjpC0N6K2K8130w7Q3FeODIM2CMyg0ov3tH+QWqKW7GNhHFzg==}
    engines: {node: '>= 10'}
    cpu: [x64]
    os: [linux]

  '@tauri-apps/cli-linux-x64-musl@2.4.1':
    resolution: {integrity: sha512-a8exvA5Ub9eg66a6hsMQKJIkf63QAf9OdiuFKOsEnKZkNN2x0NLgfvEcqdw88VY0UMs9dBoZ1AGbWMeYnLrLwQ==}
    engines: {node: '>= 10'}
    cpu: [x64]
    os: [linux]

  '@tauri-apps/cli-win32-arm64-msvc@2.4.1':
    resolution: {integrity: sha512-4JFrslsMCJQG1c573T9uqQSAbF3j/tMKkMWzsIssv8jvPiP++OG61A2/F+y9te9/Q/O95cKhDK63kaiO5xQaeg==}
    engines: {node: '>= 10'}
    cpu: [arm64]
    os: [win32]

  '@tauri-apps/cli-win32-ia32-msvc@2.4.1':
    resolution: {integrity: sha512-9eXfFORehYSCRwxg2KodfmX/mhr50CI7wyBYGbPLePCjr5z0jK/9IyW6r0tC+ZVjwpX48dkk7hKiUgI25jHjzA==}
    engines: {node: '>= 10'}
    cpu: [ia32]
    os: [win32]

  '@tauri-apps/cli-win32-x64-msvc@2.4.1':
    resolution: {integrity: sha512-60a4Ov7Jrwqz2hzDltlS7301dhSAmM9dxo+IRBD3xz7yobKrgaHXYpWvnRomYItHcDd51VaKc9292H8/eE/gsw==}
    engines: {node: '>= 10'}
    cpu: [x64]
    os: [win32]

  '@tauri-apps/cli@2.4.1':
    resolution: {integrity: sha512-9Ta81jx9+57FhtU/mPIckDcOBtPTUdKM75t4+aA0X84b8Sclb0jy1xA8NplmcRzp2fsfIHNngU2NiRxsW5+yOQ==}
    engines: {node: '>= 10'}
    hasBin: true

snapshots:

  '@tauri-apps/cli-darwin-arm64@2.4.1':
    optional: true

  '@tauri-apps/cli-darwin-x64@2.4.1':
    optional: true

  '@tauri-apps/cli-linux-arm-gnueabihf@2.4.1':
    optional: true

  '@tauri-apps/cli-linux-arm64-gnu@2.4.1':
    optional: true

  '@tauri-apps/cli-linux-arm64-musl@2.4.1':
    optional: true

  '@tauri-apps/cli-linux-riscv64-gnu@2.4.1':
    optional: true

  '@tauri-apps/cli-linux-x64-gnu@2.4.1':
    optional: true

  '@tauri-apps/cli-linux-x64-musl@2.4.1':
    optional: true

  '@tauri-apps/cli-win32-arm64-msvc@2.4.1':
    optional: true

  '@tauri-apps/cli-win32-ia32-msvc@2.4.1':
    optional: true

  '@tauri-apps/cli-win32-x64-msvc@2.4.1':
    optional: true

  '@tauri-apps/cli@2.4.1':
    optionalDependencies:
      '@tauri-apps/cli-darwin-arm64': 2.4.1
      '@tauri-apps/cli-darwin-x64': 2.4.1
      '@tauri-apps/cli-linux-arm-gnueabihf': 2.4.1
      '@tauri-apps/cli-linux-arm64-gnu': 2.4.1
      '@tauri-apps/cli-linux-arm64-musl': 2.4.1
      '@tauri-apps/cli-linux-riscv64-gnu': 2.4.1
      '@tauri-apps/cli-linux-x64-gnu': 2.4.1
      '@tauri-apps/cli-linux-x64-musl': 2.4.1
      '@tauri-apps/cli-win32-arm64-msvc': 2.4.1
      '@tauri-apps/cli-win32-ia32-msvc': 2.4.1
      '@tauri-apps/cli-win32-x64-msvc': 2.4.1
